
Microsoft Visual Studio Solution File, Format Version 12.00
# Visual Studio 2012
Project("{FAE04EC0-301F-11D3-BF4B-00C04F79EFBC}") = "CodePreview", "CodePreview\CodePreview.csproj", "{A20B9974-2F9F-46B8-92C1-935313204543}"
EndProject
Global
	GlobalSection(SolutionConfigurationPlatforms) = preSolution
		CD_ROM|Any CPU = CD_ROM|Any CPU
		Debug|Any CPU = Debug|Any CPU
		DVD-5|Any CPU = DVD-5|Any CPU
		Release|Any CPU = Release|Any CPU
		SingleImage|Any CPU = SingleImage|Any CPU
	EndGlobalSection
	GlobalSection(ProjectConfigurationPlatforms) = postSolution
		{A20B9974-2F9F-46B8-92C1-935313204543}.CD_ROM|Any CPU.ActiveCfg = Release|Any CPU
		{A20B9974-2F9F-46B8-92C1-935313204543}.CD_ROM|Any CPU.Build.0 = Release|Any CPU
		{A20B9974-2F9F-46B8-92C1-935313204543}.Debug|Any CPU.ActiveCfg = Debug|Any CPU
		{A20B9974-2F9F-46B8-92C1-935313204543}.Debug|Any CPU.Build.0 = Debug|Any CPU
		{A20B9974-2F9F-46B8-92C1-935313204543}.DVD-5|Any CPU.ActiveCfg = Debug|Any CPU
		{A20B9974-2F9F-46B8-92C1-935313204543}.DVD-5|Any CPU.Build.0 = Debug|Any CPU
		{A20B9974-2F9F-46B8-92C1-935313204543}.Release|Any CPU.ActiveCfg = Release|Any CPU
		{A20B9974-2F9F-46B8-92C1-935313204543}.Release|Any CPU.Build.0 = Release|Any CPU
		{A20B9974-2F9F-46B8-92C1-935313204543}.SingleImage|Any CPU.ActiveCfg = Release|Any CPU
		{A20B9974-2F9F-46B8-92C1-935313204543}.SingleImage|Any CPU.Build.0 = Release|Any CPU
	EndGlobalSection
	GlobalSection(SolutionProperties) = preSolution
		HideSolutionNode = FALSE
	EndGlobalSection
EndGlobal
